// !$*UTF8*$!
{
	archiveVersion = 1;
	classes = {
	};
	objectVersion = 77;
	objects = {

/* Begin PBXContainerItemProxy section */
		0F7417AC3013FFC20000F297 /* PBXContainerItemProxy */ = {
			isa = PBXContainerItemProxy;
			containerPortal = 0F7417963013FFC00000F297 /* Project object */;
			proxyType = 1;
			remoteGlobalIDString = 0F74179D3013FFC00000F297;
			remoteInfo = ReverseWiki;
		};
		0F7417B63013FFC20000F297 /* PBXContainerItemProxy */ = {
			isa = PBXContainerItemProxy;
			containerPortal = 0F7417963013FFC00000F297 /* Project object */;
			proxyType = 1;
			remoteGlobalIDString = 0F74179D3013FFC00000F297;
			remoteInfo = ReverseWiki;
		};
/* End PBXContainerItemProxy section */

/* Begin PBXFileReference section */
		0F74179E3013FFC00000F297 /* ReverseWiki.app */ = {isa = PBXFileReference; explicitFileType = wrapper.application; includeInIndex = 0; path = ReverseWiki.app; sourceTree = BUILT_PRODUCTS_DIR; };
		0F7417AB3013FFC20000F297 /* ReverseWikiTests.xctest */ = {isa = PBXFileReference; explicitFileType = wrapper.cfbundle; includeInIndex = 0; path = ReverseWikiTests.xctest; sourceTree = BUILT_PRODUCTS_DIR; };
		0F7417B53013FFC20000F297 /* ReverseWikiUITests.xctest */ = {isa = PBXFileReference; explicitFileType = wrapper.cfbundle; includeInIndex = 0; path = ReverseWikiUITests.xctest; sourceTree = BUILT_PRODUCTS_DIR; };
		0F7417D03013FFC20000F297 /* Config.xcconfig */ = {isa = PBXFileReference; lastKnownFileType = text.xcconfig; path = Config.xcconfig; sourceTree = "<group>"; };
/* End PBXFileReference section */

/* Begin PBXFileSystemSynchronizedBuildFileExceptionSet section */
		0F7417D13013FFC20000F297 /* Exceptions for "ReverseWiki" folder in "ReverseWiki" target */ = {
			isa = PBXFileSystemSynchronizedBuildFileExceptionSet;
			membershipExceptions = (
				Info.plist,
			);
			target = 0F74179D3013FFC00000F297 /* ReverseWiki */;
		};
/* End PBXFileSystemSynchronizedBuildFileExceptionSet section */

/* Begin PBXFileSystemSynchronizedRootGroup section */
		0F7417A03013FFC00000F297 /* ReverseWiki */ = {
			isa = PBXFileSystemSynchronizedRootGroup;
			exceptions = (
				0F7417D13013FFC20000F297 /* Exceptions for "ReverseWiki" folder in "ReverseWiki" target */,
			);
			path = ReverseWiki;
			sourceTree = "<group>";
		};
		0F7417AE3013FFC20000F297 /* ReverseWikiTests */ = {
			isa = PBXFileSystemSynchronizedRootGroup;
			path = ReverseWikiTests;
			sourceTree = "<group>";
		};
		0F7417B83013FFC20000F297 /* ReverseWikiUITests */ = {
			isa = PBXFileSystemSynchronizedRootGroup;
			path = ReverseWikiUITests;
			sourceTree = "<group>";
		};
/* End PBXFileSystemSynchronizedRootGroup section */

/* Begin PBXFrameworksBuildPhase section */
		0F74179B3013FFC00000F297 /* Frameworks */ = {
			isa = PBXFrameworksBuildPhase;
			buildActionMask = 2147483647;
			files = (
			);
			runOnlyForDeploymentPostprocessing = 0;
		};
		0F7417A83013FFC20000F297 /* Frameworks */ = {
			isa = PBXFrameworksBuildPhase;
			buildActionMask = 2147483647;
			files = (
			);
			runOnlyForDeploymentPostprocessing = 0;
		};
		0F7417B23013FFC20000F297 /* Frameworks */ = {
			isa = PBXFrameworksBuildPhase;
			buildActionMask = 2147483647;
			files = (
			);
			runOnlyForDeploymentPostprocessing = 0;
		};
/* End PBXFrameworksBuildPhase section */

/* Begin PBXGroup section */
		0F7417953013FFC00000F297 = {
			isa = PBXGroup;
			children = (
				0F7417D03013FFC20000F297 /* Config.xcconfig */,
				0F7417A03013FFC00000F297 /* ReverseWiki */,
				0F7417AE3013FFC20000F297 /* ReverseWikiTests */,
				0F7417B83013FFC20000F297 /* ReverseWikiUITests */,
				0F74179F3013FFC00000F297 /* Products */,
			);
			sourceTree = "<group>";
		};
		0F74179F3013FFC00000F297 /* Products */ = {
			isa = PBXGroup;
			children = (
				0F74179E3013FFC00000F297 /* ReverseWiki.app */,
				0F7417AB3013FFC20000F297 /* ReverseWikiTests.xctest */,
				0F7417B53013FFC20000F297 /* ReverseWikiUITests.xctest */,
			);
			name = Products;
			sourceTree = "<group>";
		};
/* End PBXGroup section */

/* Begin PBXNativeTarget section */
		0F74179D3013FFC00000F297 /* ReverseWiki */ = {
			isa = PBXNativeTarget;
			buildConfigurationList = 0F7417BF3013FFC20000F297 /* Build configuration list for PBXNativeTarget "ReverseWiki" */;
			buildPhases = (
				0F74179A3013FFC00000F297 /* Sources */,
				0F74179B3013FFC00000F297 /* Frameworks */,
				0F74179C3013FFC00000F297 /* Resources */,
			);
			buildRules = (
			);
			dependencies = (
			);
			fileSystemSynchronizedGroups = (
				0F7417A03013FFC00000F297 /* ReverseWiki */,
			);
			name = ReverseWiki;
			packageProductDependencies = (
			);
			productName = ReverseWiki;
			productReference = 0F74179E3013FFC00000F297 /* ReverseWiki.app */;
			productType = "com.apple.product-type.application";
		};
		0F7417AA3013FFC20000F297 /* ReverseWikiTests */ = {
			isa = PBXNativeTarget;
			buildConfigurationList = 0F7417C23013FFC20000F297 /* Build configuration list for PBXNativeTarget "ReverseWikiTests" */;
			buildPhases = (
				0F7417A73013FFC20000F297 /* Sources */,
				0F7417A83013FFC20000F297 /* Frameworks */,
				0F7417A93013FFC20000F297 /* Resources */,
			);
			buildRules = (
			);
			dependencies = (
				0F7417AD3013FFC20000F297 /* PBXTargetDependency */,
			);
			fileSystemSynchronizedGroups = (
				0F7417AE3013FFC20000F297 /* ReverseWikiTests */,
			);
			name = ReverseWikiTests;
			packageProductDependencies = (
			);
			productName = ReverseWikiTests;
			productReference = 0F7417AB3013FFC20000F297 /* ReverseWikiTests.xctest */;
			productType = "com.apple.product-type.bundle.unit-test";
		};
		0F7417B43013FFC20000F297 /* ReverseWikiUITests */ = {
			isa = PBXNativeTarget;
			buildConfigurationList = 0F7417C53013FFC20000F297 /* Build configuration list for PBXNativeTarget "ReverseWikiUITests" */;
			buildPhases = (
				0F7417B13013FFC20000F297 /* Sources */,
				0F7417B23013FFC20000F297 /* Frameworks */,
				0F7417B33013FFC20000F297 /* Resources */,
			);
			buildRules = (
			);
			dependencies = (
				0F7417B73013FFC20000F297 /* PBXTargetDependency */,
			);
			fileSystemSynchronizedGroups = (
				0F7417B83013FFC20000F297 /* ReverseWikiUITests */,
			);
			name = ReverseWikiUITests;
			packageProductDependencies = (
			);
			productName = ReverseWikiUITests;
			productReference = 0F7417B53013FFC20000F297 /* ReverseWikiUITests.xctest */;
			productType = "com.apple.product-type.bundle.ui-testing";
		};
/* End PBXNativeTarget section */

/* Begin PBXProject section */
		0F7417963013FFC00000F297 /* Project object */ = {
			isa = PBXProject;
			attributes = {
				BuildIndependentTargetsInParallel = 1;
				LastSwiftUpdateCheck = 2660;
				LastUpgradeCheck = 2660;
				TargetAttributes = {
					0F74179D3013FFC00000F297 = {
						CreatedOnToolsVersion = 26.6;
					};
					0F7417AA3013FFC20000F297 = {
						CreatedOnToolsVersion = 26.6;
						TestTargetID = 0F74179D3013FFC00000F297;
					};
					0F7417B43013FFC20000F297 = {
						CreatedOnToolsVersion = 26.6;
						TestTargetID = 0F74179D3013FFC00000F297;
					};
				};
			};
			buildConfigurationList = 0F7417993013FFC00000F297 /* Build configuration list for PBXProject "ReverseWiki" */;
			developmentRegion = fr;
			hasScannedForEncodings = 0;
			knownRegions = (
				en,
				Base,
				es,
				de,
				pt,
				ar,
				"zh-Hans",
				ru,
				ja,
				fr,
			);
			mainGroup = 0F7417953013FFC00000F297;
			minimizedProjectReferenceProxies = 1;
			preferredProjectObjectVersion = 77;
			productRefGroup = 0F74179F3013FFC00000F297 /* Products */;
			projectDirPath = "";
			projectRoot = "";
			targets = (
				0F74179D3013FFC00000F297 /* ReverseWiki */,
				0F7417AA3013FFC20000F297 /* ReverseWikiTests */,
				0F7417B43013FFC20000F297 /* ReverseWikiUITests */,
			);
		};
/* End PBXProject section */

/* Begin PBXResourcesBuildPhase section */
		0F74179C3013FFC00000F297 /* Resources */ = {
			isa = PBXResourcesBuildPhase;
			buildActionMask = 2147483647;
			files = (
			);
			runOnlyForDeploymentPostprocessing = 0;
		};
		0F7417A93013FFC20000F297 /* Resources */ = {
			isa = PBXResourcesBuildPhase;
			buildActionMask = 2147483647;
			files = (
			);
			runOnlyForDeploymentPostprocessing = 0;
		};
		0F7417B33013FFC20000F297 /* Resources */ = {
			isa = PBXResourcesBuildPhase;
			buildActionMask = 2147483647;
			files = (
			);
			runOnlyForDeploymentPostprocessing = 0;
		};
/* End PBXResourcesBuildPhase section */

/* Begin PBXSourcesBuildPhase section */
		0F74179A3013FFC00000F297 /* Sources */ = {
			isa = PBXSourcesBuildPhase;
			buildActionMask = 2147483647;
			files = (
			);
			runOnlyForDeploymentPostprocessing = 0;
		};
		0F7417A73013FFC20000F297 /* Sources */ = {
			isa = PBXSourcesBuildPhase;
			buildActionMask = 2147483647;
			files = (
			);
			runOnlyForDeploymentPostprocessing = 0;
		};
		0F7417B13013FFC20000F297 /* Sources */ = {
			isa = PBXSourcesBuildPhase;
			buildActionMask = 2147483647;
			files = (
			);
			runOnlyForDeploymentPostprocessing = 0;
		};
/* End PBXSourcesBuildPhase section */

/* Begin PBXTargetDependency section */
		0F7417AD3013FFC20000F297 /* PBXTargetDependency */ = {
			isa = PBXTargetDependency;
			target = 0F74179D3013FFC00000F297 /* ReverseWiki */;
			targetProxy = 0F7417AC3013FFC20000F297 /* PBXContainerItemProxy */;
		};
		0F7417B73013FFC20000F297 /* PBXTargetDependency */ = {
			isa = PBXTargetDependency;
			target = 0F74179D3013FFC00000F297 /* ReverseWiki */;
			targetProxy = 0F7417B63013FFC20000F297 /* PBXContainerItemProxy */;
		};
/* End PBXTargetDependency section */

/* Begin XCBuildConfiguration section */
		0F7417BD3013FFC20000F297 /* Debug */ = {
			isa = XCBuildConfiguration;
			buildSettings = {
				ALWAYS_SEARCH_USER_PATHS = NO;
				ASSETCATALOG_COMPILER_GENERATE_SWIFT_ASSET_SYMBOL_EXTENSIONS = YES;
				CLANG_ANALYZER_NONNULL = YES;
				CLANG_ANALYZER_NUMBER_OBJECT_CONVERSION = YES_AGGRESSIVE;
				CLANG_CXX_LANGUAGE_STANDARD = "gnu++20";
				CLANG_ENABLE_MODULES = YES;
				CLANG_ENABLE_OBJC_ARC = YES;
				CLANG_ENABLE_OBJC_WEAK = YES;
				CLANG_WARN_BLOCK_CAPTURE_AUTORELEASING = YES;
				CLANG_WARN_BOOL_CONVERSION = YES;
				CLANG_WARN_COMMA = YES;
				CLANG_WARN_CONSTANT_CONVERSION = YES;
				CLANG_WARN_DEPRECATED_OBJC_IMPLEMENTATIONS = YES;
				CLANG_WARN_DIRECT_OBJC_ISA_USAGE = YES_ERROR;
				CLANG_WARN_DOCUMENTATION_COMMENTS = YES;
				CLANG_WARN_EMPTY_BODY = YES;
				CLANG_WARN_ENUM_CONVERSION = YES;
				CLANG_WARN_INFINITE_RECURSION = YES;
				CLANG_WARN_INT_CONVERSION = YES;
				CLANG_WARN_NON_LITERAL_NULL_CONVERSION = YES;
				CLANG_WARN_OBJC_IMPLICIT_RETAIN_SELF = YES;
				CLANG_WARN_OBJC_LITERAL_CONVERSION = YES;
				CLANG_WARN_OBJC_ROOT_CLASS = YES_ERROR;
				CLANG_WARN_QUOTED_INCLUDE_IN_FRAMEWORK_HEADER = YES;
				CLANG_WARN_RANGE_LOOP_ANALYSIS = YES;
				CLANG_WARN_STRICT_PROTOTYPES = YES;
				CLANG_WARN_SUSPICIOUS_MOVE = YES;
				CLANG_WARN_UNGUARDED_AVAILABILITY = YES_AGGRESSIVE;
				CLANG_WARN_UNREACHABLE_CODE = YES;
				CLANG_WARN__DUPLICATE_METHOD_MATCH = YES;
				COPY_PHASE_STRIP = NO;
				DEBUG_INFORMATION_FORMAT = dwarf;
				DEVELOPMENT_TEAM = 96JK7HBZ58;
				ENABLE_STRICT_OBJC_MSGSEND = YES;
				ENABLE_TESTABILITY = YES;
				ENABLE_USER_SCRIPT_SANDBOXING = YES;
				GCC_C_LANGUAGE_STANDARD = gnu17;
				GCC_DYNAMIC_NO_PIC = NO;
				GCC_NO_COMMON_BLOCKS = YES;
				GCC_OPTIMIZATION_LEVEL = 0;
				GCC_PREPROCESSOR_DEFINITIONS = (
					"DEBUG=1",
					"$(inherited)",
				);
				GCC_WARN_64_TO_32_BIT_CONVERSION = YES;
				GCC_WARN_ABOUT_RETURN_TYPE = YES_ERROR;
				GCC_WARN_UNDECLARED_SELECTOR = YES;
				GCC_WARN_UNINITIALIZED_AUTOS = YES_AGGRESSIVE;
				GCC_WARN_UNUSED_FUNCTION = YES;
				GCC_WARN_UNUSED_VARIABLE = YES;
				IPHONEOS_DEPLOYMENT_TARGET = 17.0;
				LOCALIZATION_PREFERS_STRING_CATALOGS = YES;
				MTL_ENABLE_DEBUG_INFO = INCLUDE_SOURCE;
				MTL_FAST_MATH = YES;
				ONLY_ACTIVE_ARCH = YES;
				SDKROOT = iphoneos;
				SWIFT_ACTIVE_COMPILATION_CONDITIONS = "DEBUG $(inherited)";
				SWIFT_OPTIMIZATION_LEVEL = "-Onone";
			};
			name = Debug;
		};
		0F7417BE3013FFC20000F297 /* Release */ = {
			isa = XCBuildConfiguration;
			buildSettings = {
				ALWAYS_SEARCH_USER_PATHS = NO;
				ASSETCATALOG_COMPILER_GENERATE_SWIFT_ASSET_SYMBOL_EXTENSIONS = YES;
				CLANG_ANALYZER_NONNULL = YES;
				CLANG_ANALYZER_NUMBER_OBJECT_CONVERSION = YES_AGGRESSIVE;
				CLANG_CXX_LANGUAGE_STANDARD = "gnu++20";
				CLANG_ENABLE_MODULES = YES;
				CLANG_ENABLE_OBJC_ARC = YES;
				CLANG_ENABLE_OBJC_WEAK = YES;
				CLANG_WARN_BLOCK_CAPTURE_AUTORELEASING = YES;
				CLANG_WARN_BOOL_CONVERSION = YES;
				CLANG_WARN_COMMA = YES;
				CLANG_WARN_CONSTANT_CONVERSION = YES;
				CLANG_WARN_DEPRECATED_OBJC_IMPLEMENTATIONS = YES;
				CLANG_WARN_DIRECT_OBJC_ISA_USAGE = YES_ERROR;
				CLANG_WARN_DOCUMENTATION_COMMENTS = YES;
				CLANG_WARN_EMPTY_BODY = YES;
				CLANG_WARN_ENUM_CONVERSION = YES;
				CLANG_WARN_INFINITE_RECURSION = YES;
				CLANG_WARN_INT_CONVERSION = YES;
				CLANG_WARN_NON_LITERAL_NULL_CONVERSION = YES;
				CLANG_WARN_OBJC_IMPLICIT_RETAIN_SELF = YES;
				CLANG_WARN_OBJC_LITERAL_CONVERSION = YES;
				CLANG_WARN_OBJC_ROOT_CLASS = YES_ERROR;
				CLANG_WARN_QUOTED_INCLUDE_IN_FRAMEWORK_HEADER = YES;
				CLANG_WARN_RANGE_LOOP_ANALYSIS = YES;
				CLANG_WARN_STRICT_PROTOTYPES = YES;
				CLANG_WARN_SUSPICIOUS_MOVE = YES;
				CLANG_WARN_UNGUARDED_AVAILABILITY = YES_AGGRESSIVE;
				CLANG_WARN_UNREACHABLE_CODE = YES;
				CLANG_WARN__DUPLICATE_METHOD_MATCH = YES;
				COPY_PHASE_STRIP = NO;
				DEBUG_INFORMATION_FORMAT = "dwarf-with-dsym";
				DEVELOPMENT_TEAM = 96JK7HBZ58;
				ENABLE_NS_ASSERTIONS = NO;
				ENABLE_STRICT_OBJC_MSGSEND = YES;
				ENABLE_USER_SCRIPT_SANDBOXING = YES;
				GCC_C_LANGUAGE_STANDARD = gnu17;
				GCC_NO_COMMON_BLOCKS = YES;
				GCC_WARN_64_TO_32_BIT_CONVERSION = YES;
				GCC_WARN_ABOUT_RETURN_TYPE = YES_ERROR;
				GCC_WARN_UNDECLARED_SELECTOR = YES;
				GCC_WARN_UNINITIALIZED_AUTOS = YES_AGGRESSIVE;
				GCC_WARN_UNUSED_FUNCTION = YES;
				GCC_WARN_UNUSED_VARIABLE = YES;
				IPHONEOS_DEPLOYMENT_TARGET = 17.0;
				LOCALIZATION_PREFERS_STRING_CATALOGS = YES;
				MTL_ENABLE_DEBUG_INFO = NO;
				MTL_FAST_MATH = YES;
				SDKROOT = iphoneos;
				SWIFT_COMPILATION_MODE = wholemodule;
				VALIDATE_PRODUCT = YES;
			};
			name = Release;
		};
		0F7417C03013FFC20000F297 /* Debug */ = {
			isa = XCBuildConfiguration;
			baseConfigurationReference = 0F7417D03013FFC20000F297 /* Config.xcconfig */;
			buildSettings = {
				ASSETCATALOG_COMPILER_APPICON_NAME = AppIcon;
				ASSETCATALOG_COMPILER_GLOBAL_ACCENT_COLOR_NAME = AccentColor;
				CODE_SIGN_STYLE = Automatic;
				CURRENT_PROJECT_VERSION = 7;
				DEVELOPMENT_TEAM = 96JK7HBZ58;
				ENABLE_PREVIEWS = YES;
				GENERATE_INFOPLIST_FILE = NO;
				INFOPLIST_FILE = ReverseWiki/Info.plist;
				INFOPLIST_KEY_LLM_API_KEY = "$(LLM_API_KEY)";
				INFOPLIST_KEY_LLM_ENDPOINT = "$(LLM_ENDPOINT)";
				INFOPLIST_KEY_LLM_MODEL = "$(LLM_MODEL)";
				INFOPLIST_KEY_LLM_PROVIDER = "$(LLM_PROVIDER)";
				INFOPLIST_KEY_LSApplicationCategoryType = "public.app-category.education";
				INFOPLIST_KEY_NSCameraUsageDescription = "Reverse Wiki utilise la caméra pour identifier le lieu photographié.";
				INFOPLIST_KEY_NSLocationWhenInUseUsageDescription = "Reverse Wiki utilise votre position au moment de la photo pour identifier le lieu.";
				INFOPLIST_KEY_UIApplicationSceneManifest_Generation = YES;
				INFOPLIST_KEY_UIApplicationSupportsIndirectInputEvents = YES;
				INFOPLIST_KEY_UILaunchScreen_Generation = YES;
				INFOPLIST_KEY_UISupportedInterfaceOrientations_iPad = "UIInterfaceOrientationPortrait UIInterfaceOrientationPortraitUpsideDown UIInterfaceOrientationLandscapeLeft UIInterfaceOrientationLandscapeRight";
				INFOPLIST_KEY_UISupportedInterfaceOrientations_iPhone = "UIInterfaceOrientationPortrait UIInterfaceOrientationLandscapeLeft UIInterfaceOrientationLandscapeRight";
				LD_RUNPATH_SEARCH_PATHS = (
					"$(inherited)",
					"@executable_path/Frameworks",
				);
				MARKETING_VERSION = 1.0;
				PRODUCT_BUNDLE_IDENTIFIER = com.guilleme.ReverseWiki;
				PRODUCT_NAME = "$(TARGET_NAME)";
				STRING_CATALOG_GENERATE_SYMBOLS = YES;
				SWIFT_APPROACHABLE_CONCURRENCY = YES;
				SWIFT_DEFAULT_ACTOR_ISOLATION = nonisolated;
				SWIFT_EMIT_LOC_STRINGS = YES;
				SWIFT_UPCOMING_FEATURE_MEMBER_IMPORT_VISIBILITY = YES;
				SWIFT_VERSION = 5.0;
				TARGETED_DEVICE_FAMILY = "1,2";
			};
			name = Debug;
		};
		0F7417C13013FFC20000F297 /* Release */ = {
			isa = XCBuildConfiguration;
			baseConfigurationReference = 0F7417D03013FFC20000F297 /* Config.xcconfig */;
			buildSettings = {
				ASSETCATALOG_COMPILER_APPICON_NAME = AppIcon;
				ASSETCATALOG_COMPILER_GLOBAL_ACCENT_COLOR_NAME = AccentColor;
				CODE_SIGN_STYLE = Automatic;
				CURRENT_PROJECT_VERSION = 7;
				DEVELOPMENT_TEAM = 96JK7HBZ58;
				ENABLE_PREVIEWS = YES;
				GENERATE_INFOPLIST_FILE = NO;
				INFOPLIST_FILE = ReverseWiki/Info.plist;
				INFOPLIST_KEY_LLM_API_KEY = "$(LLM_API_KEY)";
				INFOPLIST_KEY_LLM_ENDPOINT = "$(LLM_ENDPOINT)";
				INFOPLIST_KEY_LLM_MODEL = "$(LLM_MODEL)";
				INFOPLIST_KEY_LLM_PROVIDER = "$(LLM_PROVIDER)";
				INFOPLIST_KEY_LSApplicationCategoryType = "public.app-category.education";
				INFOPLIST_KEY_NSCameraUsageDescription = "Reverse Wiki utilise la caméra pour identifier le lieu photographié.";
				INFOPLIST_KEY_NSLocationWhenInUseUsageDescription = "Reverse Wiki utilise votre position au moment de la photo pour identifier le lieu.";
				INFOPLIST_KEY_UIApplicationSceneManifest_Generation = YES;
				INFOPLIST_KEY_UIApplicationSupportsIndirectInputEvents = YES;
				INFOPLIST_KEY_UILaunchScreen_Generation = YES;
				INFOPLIST_KEY_UISupportedInterfaceOrientations_iPad = "UIInterfaceOrientationPortrait UIInterfaceOrientationPortraitUpsideDown UIInterfaceOrientationLandscapeLeft UIInterfaceOrientationLandscapeRight";
				INFOPLIST_KEY_UISupportedInterfaceOrientations_iPhone = "UIInterfaceOrientationPortrait UIInterfaceOrientationLandscapeLeft UIInterfaceOrientationLandscapeRight";
				LD_RUNPATH_SEARCH_PATHS = (
					"$(inherited)",
					"@executable_path/Frameworks",
				);
				MARKETING_VERSION = 1.0;
				PRODUCT_BUNDLE_IDENTIFIER = com.guilleme.ReverseWiki;
				PRODUCT_NAME = "$(TARGET_NAME)";
				STRING_CATALOG_GENERATE_SYMBOLS = YES;
				SWIFT_APPROACHABLE_CONCURRENCY = YES;
				SWIFT_DEFAULT_ACTOR_ISOLATION = nonisolated;
				SWIFT_EMIT_LOC_STRINGS = YES;
				SWIFT_UPCOMING_FEATURE_MEMBER_IMPORT_VISIBILITY = YES;
				SWIFT_VERSION = 5.0;
				TARGETED_DEVICE_FAMILY = "1,2";
			};
			name = Release;
		};
		0F7417C33013FFC20000F297 /* Debug */ = {
			isa = XCBuildConfiguration;
			buildSettings = {
				BUNDLE_LOADER = "$(TEST_HOST)";
				CODE_SIGN_STYLE = Automatic;
				CURRENT_PROJECT_VERSION = 1;
				DEVELOPMENT_TEAM = 96JK7HBZ58;
				GENERATE_INFOPLIST_FILE = YES;
				IPHONEOS_DEPLOYMENT_TARGET = 17.0;
				MARKETING_VERSION = 1.0;
				PRODUCT_BUNDLE_IDENTIFIER = com.guilleme.ReverseWikiTests;
				PRODUCT_NAME = "$(TARGET_NAME)";
				STRING_CATALOG_GENERATE_SYMBOLS = NO;
				SWIFT_APPROACHABLE_CONCURRENCY = YES;
				SWIFT_EMIT_LOC_STRINGS = NO;
				SWIFT_UPCOMING_FEATURE_MEMBER_IMPORT_VISIBILITY = YES;
				SWIFT_VERSION = 5.0;
				TARGETED_DEVICE_FAMILY = "1,2";
				TEST_HOST = "$(BUILT_PRODUCTS_DIR)/ReverseWiki.app/$(BUNDLE_EXECUTABLE_FOLDER_PATH)/ReverseWiki";
			};
			name = Debug;
		};
		0F7417C43013FFC20000F297 /* Release */ = {
			isa = XCBuildConfiguration;
			buildSettings = {
				BUNDLE_LOADER = "$(TEST_HOST)";
				CODE_SIGN_STYLE = Automatic;
				CURRENT_PROJECT_VERSION = 1;
				DEVELOPMENT_TEAM = 96JK7HBZ58;
				GENERATE_INFOPLIST_FILE = YES;
				IPHONEOS_DEPLOYMENT_TARGET = 17.0;
				MARKETING_VERSION = 1.0;
				PRODUCT_BUNDLE_IDENTIFIER = com.guilleme.ReverseWikiTests;
				PRODUCT_NAME = "$(TARGET_NAME)";
				STRING_CATALOG_GENERATE_SYMBOLS = NO;
				SWIFT_APPROACHABLE_CONCURRENCY = YES;
				SWIFT_EMIT_LOC_STRINGS = NO;
				SWIFT_UPCOMING_FEATURE_MEMBER_IMPORT_VISIBILITY = YES;
				SWIFT_VERSION = 5.0;
				TARGETED_DEVICE_FAMILY = "1,2";
				TEST_HOST = "$(BUILT_PRODUCTS_DIR)/ReverseWiki.app/$(BUNDLE_EXECUTABLE_FOLDER_PATH)/ReverseWiki";
			};
			name = Release;
		};
		0F7417C63013FFC20000F297 /* Debug */ = {
			isa = XCBuildConfiguration;
			buildSettings = {
				CODE_SIGN_STYLE = Automatic;
				CURRENT_PROJECT_VERSION = 1;
				DEVELOPMENT_TEAM = 96JK7HBZ58;
				GENERATE_INFOPLIST_FILE = YES;
				MARKETING_VERSION = 1.0;
				PRODUCT_BUNDLE_IDENTIFIER = com.guilleme.ReverseWikiUITests;
				PRODUCT_NAME = "$(TARGET_NAME)";
				STRING_CATALOG_GENERATE_SYMBOLS = NO;
				SWIFT_APPROACHABLE_CONCURRENCY = YES;
				SWIFT_EMIT_LOC_STRINGS = NO;
				SWIFT_UPCOMING_FEATURE_MEMBER_IMPORT_VISIBILITY = YES;
				SWIFT_VERSION = 5.0;
				TARGETED_DEVICE_FAMILY = "1,2";
				TEST_TARGET_NAME = ReverseWiki;
			};
			name = Debug;
		};
		0F7417C73013FFC20000F297 /* Release */ = {
			isa = XCBuildConfiguration;
			buildSettings = {
				CODE_SIGN_STYLE = Automatic;
				CURRENT_PROJECT_VERSION = 1;
				DEVELOPMENT_TEAM = 96JK7HBZ58;
				GENERATE_INFOPLIST_FILE = YES;
				MARKETING_VERSION = 1.0;
				PRODUCT_BUNDLE_IDENTIFIER = com.guilleme.ReverseWikiUITests;
				PRODUCT_NAME = "$(TARGET_NAME)";
				STRING_CATALOG_GENERATE_SYMBOLS = NO;
				SWIFT_APPROACHABLE_CONCURRENCY = YES;
				SWIFT_EMIT_LOC_STRINGS = NO;
				SWIFT_UPCOMING_FEATURE_MEMBER_IMPORT_VISIBILITY = YES;
				SWIFT_VERSION = 5.0;
				TARGETED_DEVICE_FAMILY = "1,2";
				TEST_TARGET_NAME = ReverseWiki;
			};
			name = Release;
		};
/* End XCBuildConfiguration section */

/* Begin XCConfigurationList section */
		0F7417993013FFC00000F297 /* Build configuration list for PBXProject "ReverseWiki" */ = {
			isa = XCConfigurationList;
			buildConfigurations = (
				0F7417BD3013FFC20000F297 /* Debug */,
				0F7417BE3013FFC20000F297 /* Release */,
			);
			defaultConfigurationIsVisible = 0;
			defaultConfigurationName = Release;
		};
		0F7417BF3013FFC20000F297 /* Build configuration list for PBXNativeTarget "ReverseWiki" */ = {
			isa = XCConfigurationList;
			buildConfigurations = (
				0F7417C03013FFC20000F297 /* Debug */,
				0F7417C13013FFC20000F297 /* Release */,
			);
			defaultConfigurationIsVisible = 0;
			defaultConfigurationName = Release;
		};
		0F7417C23013FFC20000F297 /* Build configuration list for PBXNativeTarget "ReverseWikiTests" */ = {
			isa = XCConfigurationList;
			buildConfigurations = (
				0F7417C33013FFC20000F297 /* Debug */,
				0F7417C43013FFC20000F297 /* Release */,
			);
			defaultConfigurationIsVisible = 0;
			defaultConfigurationName = Release;
		};
		0F7417C53013FFC20000F297 /* Build configuration list for PBXNativeTarget "ReverseWikiUITests" */ = {
			isa = XCConfigurationList;
			buildConfigurations = (
				0F7417C63013FFC20000F297 /* Debug */,
				0F7417C73013FFC20000F297 /* Release */,
			);
			defaultConfigurationIsVisible = 0;
			defaultConfigurationName = Release;
		};
/* End XCConfigurationList section */
	};
	rootObject = 0F7417963013FFC00000F297 /* Project object */;
}
